
Microsoft Visual Studio Solution File, Format Version 12.00
# Visual Studio Version 16
VisualStudioVersion = 16.0.30204.135
MinimumVisualStudioVersion = 10.0.40219.1
Project("{FAE04EC0-301F-11D3-BF4B-00C04F79EFBC}") = "MiniProject", "MiniProject\MiniProject.csproj", "{43187B97-9C6B-4BF5-92F3-D2D2F79FA3A5}"
EndProject
Global
	GlobalSection(SolutionConfigurationPlatforms) = preSolution
		Debug|Any CPU = Debug|Any CPU
		Release|Any CPU = Release|Any CPU
	EndGlobalSection
	GlobalSection(ProjectConfigurationPlatforms) = postSolution
		{43187B97-9C6B-4BF5-92F3-D2D2F79FA3A5}.Debug|Any CPU.ActiveCfg = Debug|Any CPU
		{43187B97-9C6B-4BF5-92F3-D2D2F79FA3A5}.Debug|Any CPU.Build.0 = Debug|Any CPU
		{43187B97-9C6B-4BF5-92F3-D2D2F79FA3A5}.Release|Any CPU.ActiveCfg = Release|Any CPU
		{43187B97-9C6B-4BF5-92F3-D2D2F79FA3A5}.Release|Any CPU.Build.0 = Release|Any CPU
	EndGlobalSection
	GlobalSection(SolutionProperties) = preSolution
		HideSolutionNode = FALSE
	EndGlobalSection
	GlobalSection(ExtensibilityGlobals) = postSolution
		SolutionGuid = {809EFE82-81D2-4B27-86A0-8BF9DF50EEA6}
	EndGlobalSection
EndGlobal
