
Microsoft Visual Studio Solution File, Format Version 12.00
# Visual Studio Version 16
VisualStudioVersion = 16.0.30204.135
MinimumVisualStudioVersion = 10.0.40219.1
Project("{FAE04EC0-301F-11D3-BF4B-00C04F79EFBC}") = "GenericApp", "GenericApp\GenericApp.csproj", "{410B11AB-FDFE-47DF-8543-8883332A73EE}"
EndProject
Global
	GlobalSection(SolutionConfigurationPlatforms) = preSolution
		Debug|Any CPU = Debug|Any CPU
		Release|Any CPU = Release|Any CPU
	EndGlobalSection
	GlobalSection(ProjectConfigurationPlatforms) = postSolution
		{410B11AB-FDFE-47DF-8543-8883332A73EE}.Debug|Any CPU.ActiveCfg = Debug|Any CPU
		{410B11AB-FDFE-47DF-8543-8883332A73EE}.Debug|Any CPU.Build.0 = Debug|Any CPU
		{410B11AB-FDFE-47DF-8543-8883332A73EE}.Release|Any CPU.ActiveCfg = Release|Any CPU
		{410B11AB-FDFE-47DF-8543-8883332A73EE}.Release|Any CPU.Build.0 = Release|Any CPU
	EndGlobalSection
	GlobalSection(SolutionProperties) = preSolution
		HideSolutionNode = FALSE
	EndGlobalSection
	GlobalSection(ExtensibilityGlobals) = postSolution
		SolutionGuid = {951116B6-4717-4A48-BA2B-E8C1C82E66B4}
	EndGlobalSection
EndGlobal
